# This file is automatically @generated by Cargo.
# It is not intended for manual editing.
version = 4

[[package]]
name = "ployz-core"
version = "0.1.0"

[[package]]
name = "ployz-nats"
version = "0.1.0"
dependencies = [
 "ployz-core",
]

[[package]]
name = "ployz-sdk-types"
version = "0.1.0"
dependencies = [
 "ployz-core",
]

[[package]]
name = "ployz-transport"
version = "0.1.0"
dependencies = [
 "ployz-core",
]

[[package]]
name = "ployzctl"
version = "0.1.0"
dependencies = [
 "ployz-core",
 "ployz-sdk-types",
]

[[package]]
name = "ployzd"
version = "0.1.0"
dependencies = [
 "ployz-core",
 "ployz-nats",
 "ployz-transport",
]
