lockfileVersion: '9.0'

settings:
  autoInstallPeers: true
  excludeLinksFromLockfile: false

importers:

  .:
    dependencies:
      '@nats-io/transport-node':
        specifier: ^3.4.0
        version: 3.4.0
    devDependencies:
      '@types/node':
        specifier: ^24.0.0
        version: 24.13.1
      typescript:
        specifier: ^5.9.0
        version: 5.9.3

packages:

  '@nats-io/nats-core@3.4.0':
    resolution: {integrity: sha512-QMDM86EUNm+wudlKC67HLar/KHHQUvJGLfb4jbahje3pUk3K9afeck9fwsxBZF0eUFox6T/TA6m/t+lQqf+QsQ==}

  '@nats-io/nkeys@2.0.3':
    resolution: {integrity: sha512-JVt56GuE6Z89KUkI4TXUbSI9fmIfAmk6PMPknijmuL72GcD+UgIomTcRWiNvvJKxA01sBbmIPStqJs5cMRBC3A==}
    engines: {node: '>=18.0.0'}

  '@nats-io/nuid@3.0.0':
    resolution: {integrity: sha512-QbXZDrxmYlrn5AD06gYcUTmEHwxn96HBQMIk7XTjDlEcx6FPzVBBPjp4AMRh1lEv6B4iJ6Xb/Uz61JugPXFRQg==}
    engines: {node: '>= 22.x'}

  '@nats-io/transport-node@3.4.0':
    resolution: {integrity: sha512-hH7u7ejIBTFEJIZ8rIcMrHJI6wl+HhpO5sVFs1+ppmXa8RuB2+Lh1+UwTzZ5xTNNm1TKcRkYy+2qCV56qp8RxA==}
    engines: {node: '>= 18.0.0'}

  '@types/node@24.13.1':
    resolution: {integrity: sha512-RSpUJGmvsJ1ZeBehQZFhIdpsz+bIpES0nIQXko4Ybq+N+kX6XvOq3Jo+iJ82FWLdblFq85AsMikd3m35jgezYg==}

  tweetnacl@1.0.3:
    resolution: {integrity: sha512-6rt+RN7aOi1nGMyC4Xa5DdYiukl2UWCbcJft7YhxReBGQD7OAM8Pbxw6YMo4r2diNEA8FEmu32YOn9rhaiE5yw==}

  typescript@5.9.3:
    resolution: {integrity: sha512-jl1vZzPDinLr9eUt3J/t7V6FgNEw9QjvBPdysz9KfQDD41fQrC2Y4vKQdiaUpFT4bXlb1RHhLpp8wtm6M5TgSw==}
    engines: {node: '>=14.17'}
    hasBin: true

  undici-types@7.18.2:
    resolution: {integrity: sha512-AsuCzffGHJybSaRrmr5eHr81mwJU3kjw6M+uprWvCXiNeN9SOGwQ3Jn8jb8m3Z6izVgknn1R0FTCEAP2QrLY/w==}

snapshots:

  '@nats-io/nats-core@3.4.0':
    dependencies:
      '@nats-io/nkeys': 2.0.3
      '@nats-io/nuid': 3.0.0

  '@nats-io/nkeys@2.0.3':
    dependencies:
      tweetnacl: 1.0.3

  '@nats-io/nuid@3.0.0': {}

  '@nats-io/transport-node@3.4.0':
    dependencies:
      '@nats-io/nats-core': 3.4.0
      '@nats-io/nkeys': 2.0.3
      '@nats-io/nuid': 3.0.0

  '@types/node@24.13.1':
    dependencies:
      undici-types: 7.18.2

  tweetnacl@1.0.3: {}

  typescript@5.9.3: {}

  undici-types@7.18.2: {}
